
Microsoft Visual Studio Solution File, Format Version 12.00
# Visual Studio Version 17
VisualStudioVersion = 17.0.31903.59
MinimumVisualStudioVersion = 10.0.40219.1
Project("{FAE04EC0-301F-11D3-BF4B-00C04F79EFBC}") = "API", "API\API.csproj", "{3CEE49F5-2844-4192-B262-C2C7E368458D}"
EndProject
Project("{FAE04EC0-301F-11D3-BF4B-00C04F79EFBC}") = "Application", "Application\Application.csproj", "{0D932969-74A4-4D54-A1A6-FADA2002F50F}"
EndProject
Project("{FAE04EC0-301F-11D3-BF4B-00C04F79EFBC}") = "Domain", "Domain\Domain.csproj", "{AEF78115-8333-4F06-994D-C1EEB80D1F66}"
EndProject
Project("{FAE04EC0-301F-11D3-BF4B-00C04F79EFBC}") = "Persistence", "Persistence\Persistence.csproj", "{A78E54F0-AD64-4995-87E6-0FADDE3FBD4A}"
EndProject
Global
	GlobalSection(SolutionConfigurationPlatforms) = preSolution
		Debug|Any CPU = Debug|Any CPU
		Release|Any CPU = Release|Any CPU
	EndGlobalSection
	GlobalSection(SolutionProperties) = preSolution
		HideSolutionNode = FALSE
	EndGlobalSection
	GlobalSection(ProjectConfigurationPlatforms) = postSolution
		{3CEE49F5-2844-4192-B262-C2C7E368458D}.Debug|Any CPU.ActiveCfg = Debug|Any CPU
		{3CEE49F5-2844-4192-B262-C2C7E368458D}.Debug|Any CPU.Build.0 = Debug|Any CPU
		{3CEE49F5-2844-4192-B262-C2C7E368458D}.Release|Any CPU.ActiveCfg = Release|Any CPU
		{3CEE49F5-2844-4192-B262-C2C7E368458D}.Release|Any CPU.Build.0 = Release|Any CPU
		{0D932969-74A4-4D54-A1A6-FADA2002F50F}.Debug|Any CPU.ActiveCfg = Debug|Any CPU
		{0D932969-74A4-4D54-A1A6-FADA2002F50F}.Debug|Any CPU.Build.0 = Debug|Any CPU
		{0D932969-74A4-4D54-A1A6-FADA2002F50F}.Release|Any CPU.ActiveCfg = Release|Any CPU
		{0D932969-74A4-4D54-A1A6-FADA2002F50F}.Release|Any CPU.Build.0 = Release|Any CPU
		{AEF78115-8333-4F06-994D-C1EEB80D1F66}.Debug|Any CPU.ActiveCfg = Debug|Any CPU
		{AEF78115-8333-4F06-994D-C1EEB80D1F66}.Debug|Any CPU.Build.0 = Debug|Any CPU
		{AEF78115-8333-4F06-994D-C1EEB80D1F66}.Release|Any CPU.ActiveCfg = Release|Any CPU
		{AEF78115-8333-4F06-994D-C1EEB80D1F66}.Release|Any CPU.Build.0 = Release|Any CPU
		{A78E54F0-AD64-4995-87E6-0FADDE3FBD4A}.Debug|Any CPU.ActiveCfg = Debug|Any CPU
		{A78E54F0-AD64-4995-87E6-0FADDE3FBD4A}.Debug|Any CPU.Build.0 = Debug|Any CPU
		{A78E54F0-AD64-4995-87E6-0FADDE3FBD4A}.Release|Any CPU.ActiveCfg = Release|Any CPU
		{A78E54F0-AD64-4995-87E6-0FADDE3FBD4A}.Release|Any CPU.Build.0 = Release|Any CPU
	EndGlobalSection
EndGlobal
